
Microsoft Visual Studio Solution File, Format Version 12.00
# Visual Studio 2012
Project("{FAE04EC0-301F-11D3-BF4B-00C04F79EFBC}") = "RSS_reader", "RSS_reader.csproj", "{6549578D-2068-4EAC-B006-533050D5F778}"
EndProject
Project("{FAE04EC0-301F-11D3-BF4B-00C04F79EFBC}") = "Rss_UI", "..\Rss_UI\Rss_UI.csproj", "{59434FF4-84AB-4F1D-8474-A49AAD3007D6}"
EndProject
Global
	GlobalSection(SolutionConfigurationPlatforms) = preSolution
		Debug|Any CPU = Debug|Any CPU
		Release|Any CPU = Release|Any CPU
	EndGlobalSection
	GlobalSection(ProjectConfigurationPlatforms) = postSolution
		{6549578D-2068-4EAC-B006-533050D5F778}.Debug|Any CPU.ActiveCfg = Debug|Any CPU
		{6549578D-2068-4EAC-B006-533050D5F778}.Debug|Any CPU.Build.0 = Debug|Any CPU
		{6549578D-2068-4EAC-B006-533050D5F778}.Release|Any CPU.ActiveCfg = Release|Any CPU
		{6549578D-2068-4EAC-B006-533050D5F778}.Release|Any CPU.Build.0 = Release|Any CPU
		{59434FF4-84AB-4F1D-8474-A49AAD3007D6}.Debug|Any CPU.ActiveCfg = Debug|Any CPU
		{59434FF4-84AB-4F1D-8474-A49AAD3007D6}.Debug|Any CPU.Build.0 = Debug|Any CPU
		{59434FF4-84AB-4F1D-8474-A49AAD3007D6}.Release|Any CPU.ActiveCfg = Release|Any CPU
		{59434FF4-84AB-4F1D-8474-A49AAD3007D6}.Release|Any CPU.Build.0 = Release|Any CPU
	EndGlobalSection
	GlobalSection(SolutionProperties) = preSolution
		HideSolutionNode = FALSE
	EndGlobalSection
EndGlobal
